Microsoft Visual Studio Solution File, Format Version 8.00
Project("{8BC9CEB8-8B4A-11D0-8D11-00A0C91BC942}") = "IPAlgorithms", "IPAlgorithms.vcproj", "{BFE25C0A-EA0C-484D-B426-6D7511C9958B}"
	ProjectSection(ProjectDependencies) = postProject
		{8FDC8912-9489-42CB-9517-5815E1F120F9} = {8FDC8912-9489-42CB-9517-5815E1F120F9}
	EndProjectSection
EndProject
Project("{8BC9CEB8-8B4A-11D0-8D11-00A0C91BC942}") = "jpeg", "..\..\Dependencies\jpeg\jpeg.vcproj", "{8FDC8912-9489-42CB-9517-5815E1F120F9}"
	ProjectSection(ProjectDependencies) = postProject
	EndProjectSection
EndProject
Global
	GlobalSection(SolutionConfiguration) = preSolution
		Debug = Debug
		Release = Release
	EndGlobalSection
	GlobalSection(ProjectDependencies) = postSolution
	EndGlobalSection
	GlobalSection(ProjectConfiguration) = postSolution
		{BFE25C0A-EA0C-484D-B426-6D7511C9958B}.Debug.ActiveCfg = Debug|Win32
		{BFE25C0A-EA0C-484D-B426-6D7511C9958B}.Debug.Build.0 = Debug|Win32
		{BFE25C0A-EA0C-484D-B426-6D7511C9958B}.Release.ActiveCfg = Release|Win32
		{BFE25C0A-EA0C-484D-B426-6D7511C9958B}.Release.Build.0 = Release|Win32
		{8FDC8912-9489-42CB-9517-5815E1F120F9}.Debug.ActiveCfg = Debug|Win32
		{8FDC8912-9489-42CB-9517-5815E1F120F9}.Debug.Build.0 = Debug|Win32
		{8FDC8912-9489-42CB-9517-5815E1F120F9}.Release.ActiveCfg = Release|Win32
		{8FDC8912-9489-42CB-9517-5815E1F120F9}.Release.Build.0 = Release|Win32
	EndGlobalSection
	GlobalSection(ExtensibilityGlobals) = postSolution
	EndGlobalSection
	GlobalSection(ExtensibilityAddIns) = postSolution
	EndGlobalSection
EndGlobal
